// !$*UTF8*$!
{
	archiveVersion = 1;
	classes = {
	};
	objectVersion = 50;
	objects = {

/* Begin PBXBuildFile section */
		BF09E34324F6492700901A7C /* GenericSort.swift in Sources */ = {isa = PBXBuildFile; fileRef = BF09E34224F6492700901A7C /* GenericSort.swift */; };
		BF09E34424F6492700901A7C /* GenericSort.swift in Sources */ = {isa = PBXBuildFile; fileRef = BF09E34224F6492700901A7C /* GenericSort.swift */; };
		BF09E34624F64AE200901A7C /* BubbleSort.swift in Sources */ = {isa = PBXBuildFile; fileRef = BF09E34524F64AE200901A7C /* BubbleSort.swift */; };
		BF09E34724F64AE200901A7C /* BubbleSort.swift in Sources */ = {isa = PBXBuildFile; fileRef = BF09E34524F64AE200901A7C /* BubbleSort.swift */; };
		BF09E34924F6857F00901A7C /* QuickSort.swift in Sources */ = {isa = PBXBuildFile; fileRef = BF09E34824F6857F00901A7C /* QuickSort.swift */; };
		BF09E34A24F6857F00901A7C /* QuickSort.swift in Sources */ = {isa = PBXBuildFile; fileRef = BF09E34824F6857F00901A7C /* QuickSort.swift */; };
		BF09E34C24F6AE3100901A7C /* GridModel.swift in Sources */ = {isa = PBXBuildFile; fileRef = BF09E34B24F6AE3100901A7C /* GridModel.swift */; };
		BF09E34D24F6AE3100901A7C /* GridModel.swift in Sources */ = {isa = PBXBuildFile; fileRef = BF09E34B24F6AE3100901A7C /* GridModel.swift */; };
		BF6B7DB424F791680056A496 /* MergeSort.swift in Sources */ = {isa = PBXBuildFile; fileRef = BF6B7DB324F791680056A496 /* MergeSort.swift */; };
		BF6B7DB524F791680056A496 /* MergeSort.swift in Sources */ = {isa = PBXBuildFile; fileRef = BF6B7DB324F791680056A496 /* MergeSort.swift */; };
		BF6B7DB724F8CA430056A496 /* InsertionSort.swift in Sources */ = {isa = PBXBuildFile; fileRef = BF6B7DB624F8CA430056A496 /* InsertionSort.swift */; };
		BF6B7DB824F8CA430056A496 /* InsertionSort.swift in Sources */ = {isa = PBXBuildFile; fileRef = BF6B7DB624F8CA430056A496 /* InsertionSort.swift */; };
		BF7EFDDA24F4F818003A66F0 /* VisualizeApp.swift in Sources */ = {isa = PBXBuildFile; fileRef = BF7EFDC724F4F818003A66F0 /* VisualizeApp.swift */; };
		BF7EFDDB24F4F818003A66F0 /* VisualizeApp.swift in Sources */ = {isa = PBXBuildFile; fileRef = BF7EFDC724F4F818003A66F0 /* VisualizeApp.swift */; };
		BF7EFDDC24F4F818003A66F0 /* ContentView.swift in Sources */ = {isa = PBXBuildFile; fileRef = BF7EFDC824F4F818003A66F0 /* ContentView.swift */; };
		BF7EFDDD24F4F818003A66F0 /* ContentView.swift in Sources */ = {isa = PBXBuildFile; fileRef = BF7EFDC824F4F818003A66F0 /* ContentView.swift */; };
		BF7EFDDE24F4F818003A66F0 /* Assets.xcassets in Resources */ = {isa = PBXBuildFile; fileRef = BF7EFDC924F4F818003A66F0 /* Assets.xcassets */; };
		BF7EFDDF24F4F818003A66F0 /* Assets.xcassets in Resources */ = {isa = PBXBuildFile; fileRef = BF7EFDC924F4F818003A66F0 /* Assets.xcassets */; };
		BF7EFDEC24F4F86E003A66F0 /* GridView.swift in Sources */ = {isa = PBXBuildFile; fileRef = BF7EFDEB24F4F86E003A66F0 /* GridView.swift */; };
		BF7EFDED24F4F86E003A66F0 /* GridView.swift in Sources */ = {isa = PBXBuildFile; fileRef = BF7EFDEB24F4F86E003A66F0 /* GridView.swift */; };
		BF7EFDEF24F4F9D9003A66F0 /* ASequence.swift in Sources */ = {isa = PBXBuildFile; fileRef = BF7EFDEE24F4F9D9003A66F0 /* ASequence.swift */; };
		BF7EFDF024F4F9D9003A66F0 /* ASequence.swift in Sources */ = {isa = PBXBuildFile; fileRef = BF7EFDEE24F4F9D9003A66F0 /* ASequence.swift */; };
		BF7EFDFB24F4FEB9003A66F0 /* Array+.swift in Sources */ = {isa = PBXBuildFile; fileRef = BF7EFDFA24F4FEB9003A66F0 /* Array+.swift */; };
		BF7EFDFC24F4FEB9003A66F0 /* Array+.swift in Sources */ = {isa = PBXBuildFile; fileRef = BF7EFDFA24F4FEB9003A66F0 /* Array+.swift */; };
/* End PBXBuildFile section */

/* Begin PBXFileReference section */
		BF09E34224F6492700901A7C /* GenericSort.swift */ = {isa = PBXFileReference; lastKnownFileType = sourcecode.swift; path = GenericSort.swift; sourceTree = "<group>"; };
		BF09E34524F64AE200901A7C /* BubbleSort.swift */ = {isa = PBXFileReference; lastKnownFileType = sourcecode.swift; path = BubbleSort.swift; sourceTree = "<group>"; };
		BF09E34824F6857F00901A7C /* QuickSort.swift */ = {isa = PBXFileReference; lastKnownFileType = sourcecode.swift; path = QuickSort.swift; sourceTree = "<group>"; };
		BF09E34B24F6AE3100901A7C /* GridModel.swift */ = {isa = PBXFileReference; lastKnownFileType = sourcecode.swift; path = GridModel.swift; sourceTree = "<group>"; };
		BF6B7DB324F791680056A496 /* MergeSort.swift */ = {isa = PBXFileReference; lastKnownFileType = sourcecode.swift; path = MergeSort.swift; sourceTree = "<group>"; };
		BF6B7DB624F8CA430056A496 /* InsertionSort.swift */ = {isa = PBXFileReference; lastKnownFileType = sourcecode.swift; path = InsertionSort.swift; sourceTree = "<group>"; };
		BF7EFDC724F4F818003A66F0 /* VisualizeApp.swift */ = {isa = PBXFileReference; lastKnownFileType = sourcecode.swift; path = VisualizeApp.swift; sourceTree = "<group>"; };
		BF7EFDC824F4F818003A66F0 /* ContentView.swift */ = {isa = PBXFileReference; lastKnownFileType = sourcecode.swift; path = ContentView.swift; sourceTree = "<group>"; };
		BF7EFDC924F4F818003A66F0 /* Assets.xcassets */ = {isa = PBXFileReference; lastKnownFileType = folder.assetcatalog; path = Assets.xcassets; sourceTree = "<group>"; };
		BF7EFDCE24F4F818003A66F0 /* Visualize.app */ = {isa = PBXFileReference; explicitFileType = wrapper.application; includeInIndex = 0; path = Visualize.app; sourceTree = BUILT_PRODUCTS_DIR; };
		BF7EFDD124F4F818003A66F0 /* Info.plist */ = {isa = PBXFileReference; lastKnownFileType = text.plist.xml; path = Info.plist; sourceTree = "<group>"; };
		BF7EFDD624F4F818003A66F0 /* Visualize.app */ = {isa = PBXFileReference; explicitFileType = wrapper.application; includeInIndex = 0; path = Visualize.app; sourceTree = BUILT_PRODUCTS_DIR; };
		BF7EFDD824F4F818003A66F0 /* Info.plist */ = {isa = PBXFileReference; lastKnownFileType = text.plist.xml; path = Info.plist; sourceTree = "<group>"; };
		BF7EFDD924F4F818003A66F0 /* macOS.entitlements */ = {isa = PBXFileReference; lastKnownFileType = text.plist.entitlements; path = macOS.entitlements; sourceTree = "<group>"; };
		BF7EFDEB24F4F86E003A66F0 /* GridView.swift */ = {isa = PBXFileReference; lastKnownFileType = sourcecode.swift; path = GridView.swift; sourceTree = "<group>"; };
		BF7EFDEE24F4F9D9003A66F0 /* ASequence.swift */ = {isa = PBXFileReference; lastKnownFileType = sourcecode.swift; path = ASequence.swift; sourceTree = "<group>"; };
		BF7EFDFA24F4FEB9003A66F0 /* Array+.swift */ = {isa = PBXFileReference; lastKnownFileType = sourcecode.swift; path = "Array+.swift"; sourceTree = "<group>"; };
/* End PBXFileReference section */

/* Begin PBXFrameworksBuildPhase section */
		BF7EFDCB24F4F818003A66F0 /* Frameworks */ = {
			isa = PBXFrameworksBuildPhase;
			buildActionMask = 2147483647;
			files = (
			);
			runOnlyForDeploymentPostprocessing = 0;
		};
		BF7EFDD324F4F818003A66F0 /* Frameworks */ = {
			isa = PBXFrameworksBuildPhase;
			buildActionMask = 2147483647;
			files = (
			);
			runOnlyForDeploymentPostprocessing = 0;
		};
/* End PBXFrameworksBuildPhase section */

/* Begin PBXGroup section */
		BF731B5A24F768E400730275 /* Sorts */ = {
			isa = PBXGroup;
			children = (
				BF09E34224F6492700901A7C /* GenericSort.swift */,
				BF09E34524F64AE200901A7C /* BubbleSort.swift */,
				BF09E34824F6857F00901A7C /* QuickSort.swift */,
				BF6B7DB324F791680056A496 /* MergeSort.swift */,
				BF6B7DB624F8CA430056A496 /* InsertionSort.swift */,
			);
			path = Sorts;
			sourceTree = "<group>";
		};
		BF7EFDC124F4F817003A66F0 = {
			isa = PBXGroup;
			children = (
				BF7EFDC624F4F818003A66F0 /* Shared */,
				BF7EFDD024F4F818003A66F0 /* iOS */,
				BF7EFDD724F4F818003A66F0 /* macOS */,
				BF7EFDCF24F4F818003A66F0 /* Products */,
			);
			sourceTree = "<group>";
		};
		BF7EFDC624F4F818003A66F0 /* Shared */ = {
			isa = PBXGroup;
			children = (
				BF7EFDC724F4F818003A66F0 /* VisualizeApp.swift */,
				BF7EFDC824F4F818003A66F0 /* ContentView.swift */,
				BF7EFDEB24F4F86E003A66F0 /* GridView.swift */,
				BF09E34B24F6AE3100901A7C /* GridModel.swift */,
				BF7EFDEE24F4F9D9003A66F0 /* ASequence.swift */,
				BF731B5A24F768E400730275 /* Sorts */,
				BF7EFDFA24F4FEB9003A66F0 /* Array+.swift */,
				BF7EFDC924F4F818003A66F0 /* Assets.xcassets */,
			);
			path = Shared;
			sourceTree = "<group>";
		};
		BF7EFDCF24F4F818003A66F0 /* Products */ = {
			isa = PBXGroup;
			children = (
				BF7EFDCE24F4F818003A66F0 /* Visualize.app */,
				BF7EFDD624F4F818003A66F0 /* Visualize.app */,
			);
			name = Products;
			sourceTree = "<group>";
		};
		BF7EFDD024F4F818003A66F0 /* iOS */ = {
			isa = PBXGroup;
			children = (
				BF7EFDD124F4F818003A66F0 /* Info.plist */,
			);
			path = iOS;
			sourceTree = "<group>";
		};
		BF7EFDD724F4F818003A66F0 /* macOS */ = {
			isa = PBXGroup;
			children = (
				BF7EFDD824F4F818003A66F0 /* Info.plist */,
				BF7EFDD924F4F818003A66F0 /* macOS.entitlements */,
			);
			path = macOS;
			sourceTree = "<group>";
		};
/* End PBXGroup section */

/* Begin PBXNativeTarget section */
		BF7EFDCD24F4F818003A66F0 /* Visualize (iOS) */ = {
			isa = PBXNativeTarget;
			buildConfigurationList = BF7EFDE224F4F818003A66F0 /* Build configuration list for PBXNativeTarget "Visualize (iOS)" */;
			buildPhases = (
				BF7EFDCA24F4F818003A66F0 /* Sources */,
				BF7EFDCB24F4F818003A66F0 /* Frameworks */,
				BF7EFDCC24F4F818003A66F0 /* Resources */,
			);
			buildRules = (
			);
			dependencies = (
			);
			name = "Visualize (iOS)";
			productName = "Visualize (iOS)";
			productReference = BF7EFDCE24F4F818003A66F0 /* Visualize.app */;
			productType = "com.apple.product-type.application";
		};
		BF7EFDD524F4F818003A66F0 /* Visualize (macOS) */ = {
			isa = PBXNativeTarget;
			buildConfigurationList = BF7EFDE524F4F818003A66F0 /* Build configuration list for PBXNativeTarget "Visualize (macOS)" */;
			buildPhases = (
				BF7EFDD224F4F818003A66F0 /* Sources */,
				BF7EFDD324F4F818003A66F0 /* Frameworks */,
				BF7EFDD424F4F818003A66F0 /* Resources */,
			);
			buildRules = (
			);
			dependencies = (
			);
			name = "Visualize (macOS)";
			productName = "Visualize (macOS)";
			productReference = BF7EFDD624F4F818003A66F0 /* Visualize.app */;
			productType = "com.apple.product-type.application";
		};
/* End PBXNativeTarget section */

/* Begin PBXProject section */
		BF7EFDC224F4F817003A66F0 /* Project object */ = {
			isa = PBXProject;
			attributes = {
				LastSwiftUpdateCheck = 1200;
				LastUpgradeCheck = 1200;
				TargetAttributes = {
					BF7EFDCD24F4F818003A66F0 = {
						CreatedOnToolsVersion = 12.0;
					};
					BF7EFDD524F4F818003A66F0 = {
						CreatedOnToolsVersion = 12.0;
					};
				};
			};
			buildConfigurationList = BF7EFDC524F4F817003A66F0 /* Build configuration list for PBXProject "Visualize" */;
			compatibilityVersion = "Xcode 9.3";
			developmentRegion = en;
			hasScannedForEncodings = 0;
			knownRegions = (
				en,
				Base,
			);
			mainGroup = BF7EFDC124F4F817003A66F0;
			productRefGroup = BF7EFDCF24F4F818003A66F0 /* Products */;
			projectDirPath = "";
			projectRoot = "";
			targets = (
				BF7EFDCD24F4F818003A66F0 /* Visualize (iOS) */,
				BF7EFDD524F4F818003A66F0 /* Visualize (macOS) */,
			);
		};
/* End PBXProject section */

/* Begin PBXResourcesBuildPhase section */
		BF7EFDCC24F4F818003A66F0 /* Resources */ = {
			isa = PBXResourcesBuildPhase;
			buildActionMask = 2147483647;
			files = (
				BF7EFDDE24F4F818003A66F0 /* Assets.xcassets in Resources */,
			);
			runOnlyForDeploymentPostprocessing = 0;
		};
		BF7EFDD424F4F818003A66F0 /* Resources */ = {
			isa = PBXResourcesBuildPhase;
			buildActionMask = 2147483647;
			files = (
				BF7EFDDF24F4F818003A66F0 /* Assets.xcassets in Resources */,
			);
			runOnlyForDeploymentPostprocessing = 0;
		};
/* End PBXResourcesBuildPhase section */

/* Begin PBXSourcesBuildPhase section */
		BF7EFDCA24F4F818003A66F0 /* Sources */ = {
			isa = PBXSourcesBuildPhase;
			buildActionMask = 2147483647;
			files = (
				BF7EFDDC24F4F818003A66F0 /* ContentView.swift in Sources */,
				BF7EFDEF24F4F9D9003A66F0 /* ASequence.swift in Sources */,
				BF7EFDEC24F4F86E003A66F0 /* GridView.swift in Sources */,
				BF7EFDDA24F4F818003A66F0 /* VisualizeApp.swift in Sources */,
				BF6B7DB424F791680056A496 /* MergeSort.swift in Sources */,
				BF7EFDFB24F4FEB9003A66F0 /* Array+.swift in Sources */,
				BF09E34624F64AE200901A7C /* BubbleSort.swift in Sources */,
				BF09E34324F6492700901A7C /* GenericSort.swift in Sources */,
				BF6B7DB724F8CA430056A496 /* InsertionSort.swift in Sources */,
				BF09E34924F6857F00901A7C /* QuickSort.swift in Sources */,
				BF09E34C24F6AE3100901A7C /* GridModel.swift in Sources */,
			);
			runOnlyForDeploymentPostprocessing = 0;
		};
		BF7EFDD224F4F818003A66F0 /* Sources */ = {
			isa = PBXSourcesBuildPhase;
			buildActionMask = 2147483647;
			files = (
				BF7EFDDD24F4F818003A66F0 /* ContentView.swift in Sources */,
				BF7EFDF024F4F9D9003A66F0 /* ASequence.swift in Sources */,
				BF7EFDED24F4F86E003A66F0 /* GridView.swift in Sources */,
				BF7EFDDB24F4F818003A66F0 /* VisualizeApp.swift in Sources */,
				BF6B7DB524F791680056A496 /* MergeSort.swift in Sources */,
				BF7EFDFC24F4FEB9003A66F0 /* Array+.swift in Sources */,
				BF09E34724F64AE200901A7C /* BubbleSort.swift in Sources */,
				BF09E34424F6492700901A7C /* GenericSort.swift in Sources */,
				BF6B7DB824F8CA430056A496 /* InsertionSort.swift in Sources */,
				BF09E34A24F6857F00901A7C /* QuickSort.swift in Sources */,
				BF09E34D24F6AE3100901A7C /* GridModel.swift in Sources */,
			);
			runOnlyForDeploymentPostprocessing = 0;
		};
/* End PBXSourcesBuildPhase section */

/* Begin XCBuildConfiguration section */
		BF7EFDE024F4F818003A66F0 /* Debug */ = {
			isa = XCBuildConfiguration;
			buildSettings = {
				ALWAYS_SEARCH_USER_PATHS = NO;
				CLANG_ANALYZER_NONNULL = YES;
				CLANG_ANALYZER_NUMBER_OBJECT_CONVERSION = YES_AGGRESSIVE;
				CLANG_CXX_LANGUAGE_STANDARD = "gnu++14";
				CLANG_CXX_LIBRARY = "libc++";
				CLANG_ENABLE_MODULES = YES;
				CLANG_ENABLE_OBJC_ARC = YES;
				CLANG_ENABLE_OBJC_WEAK = YES;
				CLANG_WARN_BLOCK_CAPTURE_AUTORELEASING = YES;
				CLANG_WARN_BOOL_CONVERSION = YES;
				CLANG_WARN_COMMA = YES;
				CLANG_WARN_CONSTANT_CONVERSION = YES;
				CLANG_WARN_DEPRECATED_OBJC_IMPLEMENTATIONS = YES;
				CLANG_WARN_DIRECT_OBJC_ISA_USAGE = YES_ERROR;
				CLANG_WARN_DOCUMENTATION_COMMENTS = YES;
				CLANG_WARN_EMPTY_BODY = YES;
				CLANG_WARN_ENUM_CONVERSION = YES;
				CLANG_WARN_INFINITE_RECURSION = YES;
				CLANG_WARN_INT_CONVERSION = YES;
				CLANG_WARN_NON_LITERAL_NULL_CONVERSION = YES;
				CLANG_WARN_OBJC_IMPLICIT_RETAIN_SELF = YES;
				CLANG_WARN_OBJC_LITERAL_CONVERSION = YES;
				CLANG_WARN_OBJC_ROOT_CLASS = YES_ERROR;
				CLANG_WARN_QUOTED_INCLUDE_IN_FRAMEWORK_HEADER = YES;
				CLANG_WARN_RANGE_LOOP_ANALYSIS = YES;
				CLANG_WARN_STRICT_PROTOTYPES = YES;
				CLANG_WARN_SUSPICIOUS_MOVE = YES;
				CLANG_WARN_UNGUARDED_AVAILABILITY = YES_AGGRESSIVE;
				CLANG_WARN_UNREACHABLE_CODE = YES;
				CLANG_WARN__DUPLICATE_METHOD_MATCH = YES;
				COPY_PHASE_STRIP = NO;
				DEBUG_INFORMATION_FORMAT = dwarf;
				ENABLE_STRICT_OBJC_MSGSEND = YES;
				ENABLE_TESTABILITY = YES;
				GCC_C_LANGUAGE_STANDARD = gnu11;
				GCC_DYNAMIC_NO_PIC = NO;
				GCC_NO_COMMON_BLOCKS = YES;
				GCC_OPTIMIZATION_LEVEL = 0;
				GCC_PREPROCESSOR_DEFINITIONS = (
					"DEBUG=1",
					"$(inherited)",
				);
				GCC_WARN_64_TO_32_BIT_CONVERSION = YES;
				GCC_WARN_ABOUT_RETURN_TYPE = YES_ERROR;
				GCC_WARN_UNDECLARED_SELECTOR = YES;
				GCC_WARN_UNINITIALIZED_AUTOS = YES_AGGRESSIVE;
				GCC_WARN_UNUSED_FUNCTION = YES;
				GCC_WARN_UNUSED_VARIABLE = YES;
				MTL_ENABLE_DEBUG_INFO = INCLUDE_SOURCE;
				MTL_FAST_MATH = YES;
				ONLY_ACTIVE_ARCH = YES;
				SWIFT_ACTIVE_COMPILATION_CONDITIONS = DEBUG;
				SWIFT_OPTIMIZATION_LEVEL = "-Onone";
			};
			name = Debug;
		};
		BF7EFDE124F4F818003A66F0 /* Release */ = {
			isa = XCBuildConfiguration;
			buildSettings = {
				ALWAYS_SEARCH_USER_PATHS = NO;
				CLANG_ANALYZER_NONNULL = YES;
				CLANG_ANALYZER_NUMBER_OBJECT_CONVERSION = YES_AGGRESSIVE;
				CLANG_CXX_LANGUAGE_STANDARD = "gnu++14";
				CLANG_CXX_LIBRARY = "libc++";
				CLANG_ENABLE_MODULES = YES;
				CLANG_ENABLE_OBJC_ARC = YES;
				CLANG_ENABLE_OBJC_WEAK = YES;
				CLANG_WARN_BLOCK_CAPTURE_AUTORELEASING = YES;
				CLANG_WARN_BOOL_CONVERSION = YES;
				CLANG_WARN_COMMA = YES;
				CLANG_WARN_CONSTANT_CONVERSION = YES;
				CLANG_WARN_DEPRECATED_OBJC_IMPLEMENTATIONS = YES;
				CLANG_WARN_DIRECT_OBJC_ISA_USAGE = YES_ERROR;
				CLANG_WARN_DOCUMENTATION_COMMENTS = YES;
				CLANG_WARN_EMPTY_BODY = YES;
				CLANG_WARN_ENUM_CONVERSION = YES;
				CLANG_WARN_INFINITE_RECURSION = YES;
				CLANG_WARN_INT_CONVERSION = YES;
				CLANG_WARN_NON_LITERAL_NULL_CONVERSION = YES;
				CLANG_WARN_OBJC_IMPLICIT_RETAIN_SELF = YES;
				CLANG_WARN_OBJC_LITERAL_CONVERSION = YES;
				CLANG_WARN_OBJC_ROOT_CLASS = YES_ERROR;
				CLANG_WARN_QUOTED_INCLUDE_IN_FRAMEWORK_HEADER = YES;
				CLANG_WARN_RANGE_LOOP_ANALYSIS = YES;
				CLANG_WARN_STRICT_PROTOTYPES = YES;
				CLANG_WARN_SUSPICIOUS_MOVE = YES;
				CLANG_WARN_UNGUARDED_AVAILABILITY = YES_AGGRESSIVE;
				CLANG_WARN_UNREACHABLE_CODE = YES;
				CLANG_WARN__DUPLICATE_METHOD_MATCH = YES;
				COPY_PHASE_STRIP = NO;
				DEBUG_INFORMATION_FORMAT = "dwarf-with-dsym";
				ENABLE_NS_ASSERTIONS = NO;
				ENABLE_STRICT_OBJC_MSGSEND = YES;
				GCC_C_LANGUAGE_STANDARD = gnu11;
				GCC_NO_COMMON_BLOCKS = YES;
				GCC_WARN_64_TO_32_BIT_CONVERSION = YES;
				GCC_WARN_ABOUT_RETURN_TYPE = YES_ERROR;
				GCC_WARN_UNDECLARED_SELECTOR = YES;
				GCC_WARN_UNINITIALIZED_AUTOS = YES_AGGRESSIVE;
				GCC_WARN_UNUSED_FUNCTION = YES;
				GCC_WARN_UNUSED_VARIABLE = YES;
				MTL_ENABLE_DEBUG_INFO = NO;
				MTL_FAST_MATH = YES;
				SWIFT_COMPILATION_MODE = wholemodule;
				SWIFT_OPTIMIZATION_LEVEL = "-O";
			};
			name = Release;
		};
		BF7EFDE324F4F818003A66F0 /* Debug */ = {
			isa = XCBuildConfiguration;
			buildSettings = {
				ASSETCATALOG_COMPILER_APPICON_NAME = AppIcon;
				ASSETCATALOG_COMPILER_GLOBAL_ACCENT_COLOR_NAME = AccentColor;
				CODE_SIGN_STYLE = Automatic;
				DEVELOPMENT_TEAM = 789MW96BQB;
				ENABLE_PREVIEWS = YES;
				INFOPLIST_FILE = iOS/Info.plist;
				IPHONEOS_DEPLOYMENT_TARGET = 14.0;
				LD_RUNPATH_SEARCH_PATHS = (
					"$(inherited)",
					"@executable_path/Frameworks",
				);
				PRODUCT_BUNDLE_IDENTIFIER = com.Zerui.Visualize;
				PRODUCT_NAME = Visualize;
				SDKROOT = iphoneos;
				SWIFT_VERSION = 5.0;
				TARGETED_DEVICE_FAMILY = "1,2";
			};
			name = Debug;
		};
		BF7EFDE424F4F818003A66F0 /* Release */ = {
			isa = XCBuildConfiguration;
			buildSettings = {
				ASSETCATALOG_COMPILER_APPICON_NAME = AppIcon;
				ASSETCATALOG_COMPILER_GLOBAL_ACCENT_COLOR_NAME = AccentColor;
				CODE_SIGN_STYLE = Automatic;
				DEVELOPMENT_TEAM = 789MW96BQB;
				ENABLE_PREVIEWS = YES;
				INFOPLIST_FILE = iOS/Info.plist;
				IPHONEOS_DEPLOYMENT_TARGET = 14.0;
				LD_RUNPATH_SEARCH_PATHS = (
					"$(inherited)",
					"@executable_path/Frameworks",
				);
				PRODUCT_BUNDLE_IDENTIFIER = com.Zerui.Visualize;
				PRODUCT_NAME = Visualize;
				SDKROOT = iphoneos;
				SWIFT_VERSION = 5.0;
				TARGETED_DEVICE_FAMILY = "1,2";
				VALIDATE_PRODUCT = YES;
			};
			name = Release;
		};
		BF7EFDE624F4F818003A66F0 /* Debug */ = {
			isa = XCBuildConfiguration;
			buildSettings = {
				ASSETCATALOG_COMPILER_APPICON_NAME = AppIcon;
				ASSETCATALOG_COMPILER_GLOBAL_ACCENT_COLOR_NAME = AccentColor;
				CODE_SIGN_ENTITLEMENTS = macOS/macOS.entitlements;
				CODE_SIGN_STYLE = Automatic;
				COMBINE_HIDPI_IMAGES = YES;
				DEVELOPMENT_TEAM = 789MW96BQB;
				ENABLE_HARDENED_RUNTIME = YES;
				ENABLE_PREVIEWS = YES;
				INFOPLIST_FILE = macOS/Info.plist;
				LD_RUNPATH_SEARCH_PATHS = (
					"$(inherited)",
					"@executable_path/../Frameworks",
				);
				MACOSX_DEPLOYMENT_TARGET = 11.0;
				PRODUCT_BUNDLE_IDENTIFIER = com.Zerui.Visualize;
				PRODUCT_NAME = Visualize;
				SDKROOT = macosx;
				SWIFT_VERSION = 5.0;
			};
			name = Debug;
		};
		BF7EFDE724F4F818003A66F0 /* Release */ = {
			isa = XCBuildConfiguration;
			buildSettings = {
				ASSETCATALOG_COMPILER_APPICON_NAME = AppIcon;
				ASSETCATALOG_COMPILER_GLOBAL_ACCENT_COLOR_NAME = AccentColor;
				CODE_SIGN_ENTITLEMENTS = macOS/macOS.entitlements;
				CODE_SIGN_STYLE = Automatic;
				COMBINE_HIDPI_IMAGES = YES;
				DEVELOPMENT_TEAM = 789MW96BQB;
				ENABLE_HARDENED_RUNTIME = YES;
				ENABLE_PREVIEWS = YES;
				INFOPLIST_FILE = macOS/Info.plist;
				LD_RUNPATH_SEARCH_PATHS = (
					"$(inherited)",
					"@executable_path/../Frameworks",
				);
				MACOSX_DEPLOYMENT_TARGET = 11.0;
				PRODUCT_BUNDLE_IDENTIFIER = com.Zerui.Visualize;
				PRODUCT_NAME = Visualize;
				SDKROOT = macosx;
				SWIFT_VERSION = 5.0;
			};
			name = Release;
		};
/* End XCBuildConfiguration section */

/* Begin XCConfigurationList section */
		BF7EFDC524F4F817003A66F0 /* Build configuration list for PBXProject "Visualize" */ = {
			isa = XCConfigurationList;
			buildConfigurations = (
				BF7EFDE024F4F818003A66F0 /* Debug */,
				BF7EFDE124F4F818003A66F0 /* Release */,
			);
			defaultConfigurationIsVisible = 0;
			defaultConfigurationName = Release;
		};
		BF7EFDE224F4F818003A66F0 /* Build configuration list for PBXNativeTarget "Visualize (iOS)" */ = {
			isa = XCConfigurationList;
			buildConfigurations = (
				BF7EFDE324F4F818003A66F0 /* Debug */,
				BF7EFDE424F4F818003A66F0 /* Release */,
			);
			defaultConfigurationIsVisible = 0;
			defaultConfigurationName = Release;
		};
		BF7EFDE524F4F818003A66F0 /* Build configuration list for PBXNativeTarget "Visualize (macOS)" */ = {
			isa = XCConfigurationList;
			buildConfigurations = (
				BF7EFDE624F4F818003A66F0 /* Debug */,
				BF7EFDE724F4F818003A66F0 /* Release */,
			);
			defaultConfigurationIsVisible = 0;
			defaultConfigurationName = Release;
		};
/* End XCConfigurationList section */
	};
	rootObject = BF7EFDC224F4F817003A66F0 /* Project object */;
}
